
Microsoft Visual Studio Solution File, Format Version 12.00
# Visual Studio Version 16
VisualStudioVersion = 16.0.32002.261
MinimumVisualStudioVersion = 10.0.40219.1
Project("{FAE04EC0-301F-11D3-BF4B-00C04F79EFBC}") = "ServiceRest_20160140049_HafidzEkaPradana", "ServiceRest_20160140049_HafidzEkaPradana\ServiceRest_20160140049_HafidzEkaPradana.csproj", "{97FE51E7-B550-480A-A85A-64F1856BC5DB}"
EndProject
Global
	GlobalSection(SolutionConfigurationPlatforms) = preSolution
		Debug|Any CPU = Debug|Any CPU
		Release|Any CPU = Release|Any CPU
	EndGlobalSection
	GlobalSection(ProjectConfigurationPlatforms) = postSolution
		{97FE51E7-B550-480A-A85A-64F1856BC5DB}.Debug|Any CPU.ActiveCfg = Debug|Any CPU
		{97FE51E7-B550-480A-A85A-64F1856BC5DB}.Debug|Any CPU.Build.0 = Debug|Any CPU
		{97FE51E7-B550-480A-A85A-64F1856BC5DB}.Release|Any CPU.ActiveCfg = Release|Any CPU
		{97FE51E7-B550-480A-A85A-64F1856BC5DB}.Release|Any CPU.Build.0 = Release|Any CPU
	EndGlobalSection
	GlobalSection(SolutionProperties) = preSolution
		HideSolutionNode = FALSE
	EndGlobalSection
	GlobalSection(ExtensibilityGlobals) = postSolution
		SolutionGuid = {0DE29583-204E-4B43-BA13-3B756E21BFA5}
	EndGlobalSection
EndGlobal
